// !$*UTF8*$!
{
	archiveVersion = 1;
	classes = {
	};
	objectVersion = 48;
	objects = {

/* Begin PBXBuildFile section */
		1106CA4C1F01A0FA00434E58 /* AppDelegate.swift in Sources */ = {isa = PBXBuildFile; fileRef = 1106CA4B1F01A0FA00434E58 /* AppDelegate.swift */; };
		1106CA531F01A0FA00434E58 /* Assets.xcassets in Resources */ = {isa = PBXBuildFile; fileRef = 1106CA521F01A0FA00434E58 /* Assets.xcassets */; };
		1106CA561F01A0FA00434E58 /* LaunchScreen.storyboard in Resources */ = {isa = PBXBuildFile; fileRef = 1106CA541F01A0FA00434E58 /* LaunchScreen.storyboard */; };
		11376D56206DB294006E15BA /* Blurry.swift in Sources */ = {isa = PBXBuildFile; fileRef = 11376D55206DB294006E15BA /* Blurry.swift */; };
		1165BC741F06E42900460749 /* UIImage++.swift in Sources */ = {isa = PBXBuildFile; fileRef = 1165BC731F06E42900460749 /* UIImage++.swift */; };
		1165BC761F06E44200460749 /* BlurStyle.swift in Sources */ = {isa = PBXBuildFile; fileRef = 1165BC751F06E44200460749 /* BlurStyle.swift */; };
		11B531612559B1CE00B79764 /* UIView++.swift in Sources */ = {isa = PBXBuildFile; fileRef = A1B4F715234AF641004203BB /* UIView++.swift */; };
		11B531622559B1CE00B79764 /* CGSize++.swift in Sources */ = {isa = PBXBuildFile; fileRef = 11B91EBB206DEF160070454D /* CGSize++.swift */; };
		11B531632559B1CE00B79764 /* UIImageEffects.m in Sources */ = {isa = PBXBuildFile; fileRef = 11F5AA5D1F01A89200FC1522 /* UIImageEffects.m */; };
		11B531642559B1CE00B79764 /* RootViewController.swift in Sources */ = {isa = PBXBuildFile; fileRef = A1B4F70F234ADD4B004203BB /* RootViewController.swift */; };
		11B531652559B1CE00B79764 /* Prompt.swift in Sources */ = {isa = PBXBuildFile; fileRef = A1DEF4FB234D5B1B00BA58D1 /* Prompt.swift */; };
		11B531662559B1CE00B79764 /* AcknowledgementViewController.swift in Sources */ = {isa = PBXBuildFile; fileRef = A1B4F71E234B07A7004203BB /* AcknowledgementViewController.swift */; };
		11B531672559B1CE00B79764 /* AboutItemCell.swift in Sources */ = {isa = PBXBuildFile; fileRef = A1B4F71A234B0011004203BB /* AboutItemCell.swift */; };
		11B531682559B1CE00B79764 /* AboutSceneDelegate.swift in Sources */ = {isa = PBXBuildFile; fileRef = A189B20323666BCA001C5814 /* AboutSceneDelegate.swift */; };
		11B531692559B1CE00B79764 /* BlurStyle.swift in Sources */ = {isa = PBXBuildFile; fileRef = 1165BC751F06E44200460749 /* BlurStyle.swift */; };
		11B5316A2559B1CE00B79764 /* Bundle++.swift in Sources */ = {isa = PBXBuildFile; fileRef = A1B4F71C234B027E004203BB /* Bundle++.swift */; };
		11B5316B2559B1CE00B79764 /* SceneDelegate.swift in Sources */ = {isa = PBXBuildFile; fileRef = A1B4F70D234ADB76004203BB /* SceneDelegate.swift */; };
		11B5316C2559B1CE00B79764 /* UIImage++.swift in Sources */ = {isa = PBXBuildFile; fileRef = 1165BC731F06E42900460749 /* UIImage++.swift */; };
		11B5316D2559B1CE00B79764 /* AboutViewController.swift in Sources */ = {isa = PBXBuildFile; fileRef = A1B4F718234AFC62004203BB /* AboutViewController.swift */; };
		11B5316E2559B1CE00B79764 /* AppDelegate.swift in Sources */ = {isa = PBXBuildFile; fileRef = 1106CA4B1F01A0FA00434E58 /* AppDelegate.swift */; };
		11B5316F2559B1CE00B79764 /* ColorPickerView.swift in Sources */ = {isa = PBXBuildFile; fileRef = A1B4F711234AE261004203BB /* ColorPickerView.swift */; };
		11B531702559B1CE00B79764 /* Blurry.swift in Sources */ = {isa = PBXBuildFile; fileRef = 11376D55206DB294006E15BA /* Blurry.swift */; };
		11B531742559B1CE00B79764 /* Acknowledgement.txt in Resources */ = {isa = PBXBuildFile; fileRef = 11FAAF941F32B248007D212F /* Acknowledgement.txt */; };
		11B531752559B1CE00B79764 /* LaunchScreen.storyboard in Resources */ = {isa = PBXBuildFile; fileRef = 1106CA541F01A0FA00434E58 /* LaunchScreen.storyboard */; };
		11B531762559B1CE00B79764 /* Assets.xcassets in Resources */ = {isa = PBXBuildFile; fileRef = 1106CA521F01A0FA00434E58 /* Assets.xcassets */; };
		11B91EBC206DEF160070454D /* CGSize++.swift in Sources */ = {isa = PBXBuildFile; fileRef = 11B91EBB206DEF160070454D /* CGSize++.swift */; };
		11F5AA5E1F01A89200FC1522 /* UIImageEffects.m in Sources */ = {isa = PBXBuildFile; fileRef = 11F5AA5D1F01A89200FC1522 /* UIImageEffects.m */; };
		11FAAF951F32B248007D212F /* Acknowledgement.txt in Resources */ = {isa = PBXBuildFile; fileRef = 11FAAF941F32B248007D212F /* Acknowledgement.txt */; };
		A189B20423666BCA001C5814 /* AboutSceneDelegate.swift in Sources */ = {isa = PBXBuildFile; fileRef = A189B20323666BCA001C5814 /* AboutSceneDelegate.swift */; };
		A1B4F70E234ADB76004203BB /* SceneDelegate.swift in Sources */ = {isa = PBXBuildFile; fileRef = A1B4F70D234ADB76004203BB /* SceneDelegate.swift */; };
		A1B4F710234ADD4B004203BB /* RootViewController.swift in Sources */ = {isa = PBXBuildFile; fileRef = A1B4F70F234ADD4B004203BB /* RootViewController.swift */; };
		A1B4F712234AE261004203BB /* ColorPickerView.swift in Sources */ = {isa = PBXBuildFile; fileRef = A1B4F711234AE261004203BB /* ColorPickerView.swift */; };
		A1B4F716234AF641004203BB /* UIView++.swift in Sources */ = {isa = PBXBuildFile; fileRef = A1B4F715234AF641004203BB /* UIView++.swift */; };
		A1B4F719234AFC62004203BB /* AboutViewController.swift in Sources */ = {isa = PBXBuildFile; fileRef = A1B4F718234AFC62004203BB /* AboutViewController.swift */; };
		A1B4F71B234B0011004203BB /* AboutItemCell.swift in Sources */ = {isa = PBXBuildFile; fileRef = A1B4F71A234B0011004203BB /* AboutItemCell.swift */; };
		A1B4F71D234B027E004203BB /* Bundle++.swift in Sources */ = {isa = PBXBuildFile; fileRef = A1B4F71C234B027E004203BB /* Bundle++.swift */; };
		A1B4F71F234B07A7004203BB /* AcknowledgementViewController.swift in Sources */ = {isa = PBXBuildFile; fileRef = A1B4F71E234B07A7004203BB /* AcknowledgementViewController.swift */; };
		A1DEF4FC234D5B1B00BA58D1 /* Prompt.swift in Sources */ = {isa = PBXBuildFile; fileRef = A1DEF4FB234D5B1B00BA58D1 /* Prompt.swift */; };
/* End PBXBuildFile section */

/* Begin PBXFileReference section */
		1106CA481F01A0FA00434E58 /* Blurry.app */ = {isa = PBXFileReference; explicitFileType = wrapper.application; includeInIndex = 0; path = Blurry.app; sourceTree = BUILT_PRODUCTS_DIR; };
		1106CA4B1F01A0FA00434E58 /* AppDelegate.swift */ = {isa = PBXFileReference; lastKnownFileType = sourcecode.swift; path = AppDelegate.swift; sourceTree = "<group>"; };
		1106CA521F01A0FA00434E58 /* Assets.xcassets */ = {isa = PBXFileReference; lastKnownFileType = folder.assetcatalog; path = Assets.xcassets; sourceTree = "<group>"; };
		1106CA551F01A0FA00434E58 /* Base */ = {isa = PBXFileReference; lastKnownFileType = file.storyboard; name = Base; path = Base.lproj/LaunchScreen.storyboard; sourceTree = "<group>"; };
		1106CA571F01A0FA00434E58 /* Info.plist */ = {isa = PBXFileReference; lastKnownFileType = text.plist.xml; path = Info.plist; sourceTree = "<group>"; };
		11376D55206DB294006E15BA /* Blurry.swift */ = {isa = PBXFileReference; lastKnownFileType = sourcecode.swift; path = Blurry.swift; sourceTree = "<group>"; };
		1165BC731F06E42900460749 /* UIImage++.swift */ = {isa = PBXFileReference; lastKnownFileType = sourcecode.swift; path = "UIImage++.swift"; sourceTree = "<group>"; };
		1165BC751F06E44200460749 /* BlurStyle.swift */ = {isa = PBXFileReference; lastKnownFileType = sourcecode.swift; path = BlurStyle.swift; sourceTree = "<group>"; };
		11B5317B2559B1CE00B79764 /* Blurry-old.app */ = {isa = PBXFileReference; explicitFileType = wrapper.application; includeInIndex = 0; path = "Blurry-old.app"; sourceTree = BUILT_PRODUCTS_DIR; };
		11B5317C2559B1CF00B79764 /* BlurryOld-Info.plist */ = {isa = PBXFileReference; lastKnownFileType = text.plist.xml; name = "BlurryOld-Info.plist"; path = "/Users/andyl/Projects/Apps/Blurry/Blurry/Supporting Files/BlurryOld-Info.plist"; sourceTree = "<absolute>"; };
		11B91EBB206DEF160070454D /* CGSize++.swift */ = {isa = PBXFileReference; lastKnownFileType = sourcecode.swift; path = "CGSize++.swift"; sourceTree = "<group>"; };
		11F5AA5B1F01A89100FC1522 /* Blurry-Bridging-Header.h */ = {isa = PBXFileReference; lastKnownFileType = sourcecode.c.h; path = "Blurry-Bridging-Header.h"; sourceTree = "<group>"; };
		11F5AA5C1F01A89200FC1522 /* UIImageEffects.h */ = {isa = PBXFileReference; fileEncoding = 4; lastKnownFileType = sourcecode.c.h; path = UIImageEffects.h; sourceTree = "<group>"; };
		11F5AA5D1F01A89200FC1522 /* UIImageEffects.m */ = {isa = PBXFileReference; fileEncoding = 4; lastKnownFileType = sourcecode.c.objc; path = UIImageEffects.m; sourceTree = "<group>"; };
		11FAAF941F32B248007D212F /* Acknowledgement.txt */ = {isa = PBXFileReference; fileEncoding = 4; lastKnownFileType = text; path = Acknowledgement.txt; sourceTree = "<group>"; };
		A189B20323666BCA001C5814 /* AboutSceneDelegate.swift */ = {isa = PBXFileReference; lastKnownFileType = sourcecode.swift; path = AboutSceneDelegate.swift; sourceTree = "<group>"; };
		A1B4F70D234ADB76004203BB /* SceneDelegate.swift */ = {isa = PBXFileReference; lastKnownFileType = sourcecode.swift; path = SceneDelegate.swift; sourceTree = "<group>"; };
		A1B4F70F234ADD4B004203BB /* RootViewController.swift */ = {isa = PBXFileReference; lastKnownFileType = sourcecode.swift; path = RootViewController.swift; sourceTree = "<group>"; };
		A1B4F711234AE261004203BB /* ColorPickerView.swift */ = {isa = PBXFileReference; lastKnownFileType = sourcecode.swift; path = ColorPickerView.swift; sourceTree = "<group>"; };
		A1B4F715234AF641004203BB /* UIView++.swift */ = {isa = PBXFileReference; lastKnownFileType = sourcecode.swift; path = "UIView++.swift"; sourceTree = "<group>"; };
		A1B4F718234AFC62004203BB /* AboutViewController.swift */ = {isa = PBXFileReference; lastKnownFileType = sourcecode.swift; path = AboutViewController.swift; sourceTree = "<group>"; };
		A1B4F71A234B0011004203BB /* AboutItemCell.swift */ = {isa = PBXFileReference; lastKnownFileType = sourcecode.swift; path = AboutItemCell.swift; sourceTree = "<group>"; };
		A1B4F71C234B027E004203BB /* Bundle++.swift */ = {isa = PBXFileReference; lastKnownFileType = sourcecode.swift; path = "Bundle++.swift"; sourceTree = "<group>"; };
		A1B4F71E234B07A7004203BB /* AcknowledgementViewController.swift */ = {isa = PBXFileReference; lastKnownFileType = sourcecode.swift; path = AcknowledgementViewController.swift; sourceTree = "<group>"; };
		A1CB720B234BC0CB00654734 /* Blurry.entitlements */ = {isa = PBXFileReference; lastKnownFileType = text.plist.entitlements; path = Blurry.entitlements; sourceTree = "<group>"; };
		A1DEF4FB234D5B1B00BA58D1 /* Prompt.swift */ = {isa = PBXFileReference; lastKnownFileType = sourcecode.swift; path = Prompt.swift; sourceTree = "<group>"; };
/* End PBXFileReference section */

/* Begin PBXFrameworksBuildPhase section */
		1106CA451F01A0FA00434E58 /* Frameworks */ = {
			isa = PBXFrameworksBuildPhase;
			buildActionMask = 2147483647;
			files = (
			);
			runOnlyForDeploymentPostprocessing = 0;
		};
		11B531712559B1CE00B79764 /* Frameworks */ = {
			isa = PBXFrameworksBuildPhase;
			buildActionMask = 2147483647;
			files = (
			);
			runOnlyForDeploymentPostprocessing = 0;
		};
/* End PBXFrameworksBuildPhase section */

/* Begin PBXGroup section */
		1106CA3F1F01A0FA00434E58 = {
			isa = PBXGroup;
			children = (
				1106CA4A1F01A0FA00434E58 /* Blurry */,
				1106CA491F01A0FA00434E58 /* Products */,
			);
			sourceTree = "<group>";
		};
		1106CA491F01A0FA00434E58 /* Products */ = {
			isa = PBXGroup;
			children = (
				1106CA481F01A0FA00434E58 /* Blurry.app */,
				11B5317B2559B1CE00B79764 /* Blurry-old.app */,
			);
			name = Products;
			sourceTree = "<group>";
		};
		1106CA4A1F01A0FA00434E58 /* Blurry */ = {
			isa = PBXGroup;
			children = (
				A1CB720B234BC0CB00654734 /* Blurry.entitlements */,
				1106CA4B1F01A0FA00434E58 /* AppDelegate.swift */,
				A1B4F70D234ADB76004203BB /* SceneDelegate.swift */,
				A189B20323666BCA001C5814 /* AboutSceneDelegate.swift */,
				A1B4F713234AE2B0004203BB /* View */,
				A1B4F714234AEB3F004203BB /* Model */,
				A1B4F717234AF830004203BB /* Extensions */,
				119D68E71F01B71B00426D85 /* UIImageEffects */,
				119D68E81F01B72400426D85 /* Supporting Files */,
			);
			path = Blurry;
			sourceTree = "<group>";
		};
		119D68E71F01B71B00426D85 /* UIImageEffects */ = {
			isa = PBXGroup;
			children = (
				11F5AA5B1F01A89100FC1522 /* Blurry-Bridging-Header.h */,
				11F5AA5C1F01A89200FC1522 /* UIImageEffects.h */,
				11F5AA5D1F01A89200FC1522 /* UIImageEffects.m */,
			);
			path = UIImageEffects;
			sourceTree = "<group>";
		};
		119D68E81F01B72400426D85 /* Supporting Files */ = {
			isa = PBXGroup;
			children = (
				11B5317C2559B1CF00B79764 /* BlurryOld-Info.plist */,
				11FAAF941F32B248007D212F /* Acknowledgement.txt */,
				1106CA521F01A0FA00434E58 /* Assets.xcassets */,
				1106CA541F01A0FA00434E58 /* LaunchScreen.storyboard */,
				1106CA571F01A0FA00434E58 /* Info.plist */,
			);
			path = "Supporting Files";
			sourceTree = "<group>";
		};
		A1B4F713234AE2B0004203BB /* View */ = {
			isa = PBXGroup;
			children = (
				A1DEF4FB234D5B1B00BA58D1 /* Prompt.swift */,
				A1B4F711234AE261004203BB /* ColorPickerView.swift */,
				A1B4F70F234ADD4B004203BB /* RootViewController.swift */,
				A1B4F718234AFC62004203BB /* AboutViewController.swift */,
				A1B4F71A234B0011004203BB /* AboutItemCell.swift */,
				A1B4F71E234B07A7004203BB /* AcknowledgementViewController.swift */,
			);
			path = View;
			sourceTree = "<group>";
		};
		A1B4F714234AEB3F004203BB /* Model */ = {
			isa = PBXGroup;
			children = (
				11376D55206DB294006E15BA /* Blurry.swift */,
				1165BC751F06E44200460749 /* BlurStyle.swift */,
			);
			path = Model;
			sourceTree = "<group>";
		};
		A1B4F717234AF830004203BB /* Extensions */ = {
			isa = PBXGroup;
			children = (
				A1B4F715234AF641004203BB /* UIView++.swift */,
				1165BC731F06E42900460749 /* UIImage++.swift */,
				11B91EBB206DEF160070454D /* CGSize++.swift */,
				A1B4F71C234B027E004203BB /* Bundle++.swift */,
			);
			path = Extensions;
			sourceTree = "<group>";
		};
/* End PBXGroup section */

/* Begin PBXNativeTarget section */
		1106CA471F01A0FA00434E58 /* Blurry */ = {
			isa = PBXNativeTarget;
			buildConfigurationList = 1106CA701F01A0FA00434E58 /* Build configuration list for PBXNativeTarget "Blurry" */;
			buildPhases = (
				1106CA441F01A0FA00434E58 /* Sources */,
				1106CA451F01A0FA00434E58 /* Frameworks */,
				1106CA461F01A0FA00434E58 /* Resources */,
			);
			buildRules = (
			);
			dependencies = (
			);
			name = Blurry;
			productName = Blurr;
			productReference = 1106CA481F01A0FA00434E58 /* Blurry.app */;
			productType = "com.apple.product-type.application";
		};
		11B5315E2559B1CE00B79764 /* Blurry-old */ = {
			isa = PBXNativeTarget;
			buildConfigurationList = 11B531782559B1CE00B79764 /* Build configuration list for PBXNativeTarget "Blurry-old" */;
			buildPhases = (
				11B531602559B1CE00B79764 /* Sources */,
				11B531712559B1CE00B79764 /* Frameworks */,
				11B531732559B1CE00B79764 /* Resources */,
			);
			buildRules = (
			);
			dependencies = (
			);
			name = "Blurry-old";
			productName = Blurr;
			productReference = 11B5317B2559B1CE00B79764 /* Blurry-old.app */;
			productType = "com.apple.product-type.application";
		};
/* End PBXNativeTarget section */

/* Begin PBXProject section */
		1106CA401F01A0FA00434E58 /* Project object */ = {
			isa = PBXProject;
			attributes = {
				LastSwiftUpdateCheck = 0900;
				LastUpgradeCheck = 1220;
				ORGANIZATIONNAME = "Andy Liang";
				TargetAttributes = {
					1106CA471F01A0FA00434E58 = {
						CreatedOnToolsVersion = 9.0;
						LastSwiftMigration = 1100;
					};
				};
			};
			buildConfigurationList = 1106CA431F01A0FA00434E58 /* Build configuration list for PBXProject "Blurry" */;
			compatibilityVersion = "Xcode 8.0";
			developmentRegion = en;
			hasScannedForEncodings = 0;
			knownRegions = (
				en,
				Base,
			);
			mainGroup = 1106CA3F1F01A0FA00434E58;
			productRefGroup = 1106CA491F01A0FA00434E58 /* Products */;
			projectDirPath = "";
			projectRoot = "";
			targets = (
				1106CA471F01A0FA00434E58 /* Blurry */,
				11B5315E2559B1CE00B79764 /* Blurry-old */,
			);
		};
/* End PBXProject section */

/* Begin PBXResourcesBuildPhase section */
		1106CA461F01A0FA00434E58 /* Resources */ = {
			isa = PBXResourcesBuildPhase;
			buildActionMask = 2147483647;
			files = (
				11FAAF951F32B248007D212F /* Acknowledgement.txt in Resources */,
				1106CA561F01A0FA00434E58 /* LaunchScreen.storyboard in Resources */,
				1106CA531F01A0FA00434E58 /* Assets.xcassets in Resources */,
			);
			runOnlyForDeploymentPostprocessing = 0;
		};
		11B531732559B1CE00B79764 /* Resources */ = {
			isa = PBXResourcesBuildPhase;
			buildActionMask = 2147483647;
			files = (
				11B531742559B1CE00B79764 /* Acknowledgement.txt in Resources */,
				11B531752559B1CE00B79764 /* LaunchScreen.storyboard in Resources */,
				11B531762559B1CE00B79764 /* Assets.xcassets in Resources */,
			);
			runOnlyForDeploymentPostprocessing = 0;
		};
/* End PBXResourcesBuildPhase section */

/* Begin PBXSourcesBuildPhase section */
		1106CA441F01A0FA00434E58 /* Sources */ = {
			isa = PBXSourcesBuildPhase;
			buildActionMask = 2147483647;
			files = (
				A1B4F716234AF641004203BB /* UIView++.swift in Sources */,
				11B91EBC206DEF160070454D /* CGSize++.swift in Sources */,
				11F5AA5E1F01A89200FC1522 /* UIImageEffects.m in Sources */,
				A1B4F710234ADD4B004203BB /* RootViewController.swift in Sources */,
				A1DEF4FC234D5B1B00BA58D1 /* Prompt.swift in Sources */,
				A1B4F71F234B07A7004203BB /* AcknowledgementViewController.swift in Sources */,
				A1B4F71B234B0011004203BB /* AboutItemCell.swift in Sources */,
				A189B20423666BCA001C5814 /* AboutSceneDelegate.swift in Sources */,
				1165BC761F06E44200460749 /* BlurStyle.swift in Sources */,
				A1B4F71D234B027E004203BB /* Bundle++.swift in Sources */,
				A1B4F70E234ADB76004203BB /* SceneDelegate.swift in Sources */,
				1165BC741F06E42900460749 /* UIImage++.swift in Sources */,
				A1B4F719234AFC62004203BB /* AboutViewController.swift in Sources */,
				1106CA4C1F01A0FA00434E58 /* AppDelegate.swift in Sources */,
				A1B4F712234AE261004203BB /* ColorPickerView.swift in Sources */,
				11376D56206DB294006E15BA /* Blurry.swift in Sources */,
			);
			runOnlyForDeploymentPostprocessing = 0;
		};
		11B531602559B1CE00B79764 /* Sources */ = {
			isa = PBXSourcesBuildPhase;
			buildActionMask = 2147483647;
			files = (
				11B531612559B1CE00B79764 /* UIView++.swift in Sources */,
				11B531622559B1CE00B79764 /* CGSize++.swift in Sources */,
				11B531632559B1CE00B79764 /* UIImageEffects.m in Sources */,
				11B531642559B1CE00B79764 /* RootViewController.swift in Sources */,
				11B531652559B1CE00B79764 /* Prompt.swift in Sources */,
				11B531662559B1CE00B79764 /* AcknowledgementViewController.swift in Sources */,
				11B531672559B1CE00B79764 /* AboutItemCell.swift in Sources */,
				11B531682559B1CE00B79764 /* AboutSceneDelegate.swift in Sources */,
				11B531692559B1CE00B79764 /* BlurStyle.swift in Sources */,
				11B5316A2559B1CE00B79764 /* Bundle++.swift in Sources */,
				11B5316B2559B1CE00B79764 /* SceneDelegate.swift in Sources */,
				11B5316C2559B1CE00B79764 /* UIImage++.swift in Sources */,
				11B5316D2559B1CE00B79764 /* AboutViewController.swift in Sources */,
				11B5316E2559B1CE00B79764 /* AppDelegate.swift in Sources */,
				11B5316F2559B1CE00B79764 /* ColorPickerView.swift in Sources */,
				11B531702559B1CE00B79764 /* Blurry.swift in Sources */,
			);
			runOnlyForDeploymentPostprocessing = 0;
		};
/* End PBXSourcesBuildPhase section */

/* Begin PBXVariantGroup section */
		1106CA541F01A0FA00434E58 /* LaunchScreen.storyboard */ = {
			isa = PBXVariantGroup;
			children = (
				1106CA551F01A0FA00434E58 /* Base */,
			);
			name = LaunchScreen.storyboard;
			path = ..;
			sourceTree = "<group>";
		};
/* End PBXVariantGroup section */

/* Begin XCBuildConfiguration section */
		1106CA6E1F01A0FA00434E58 /* Debug */ = {
			isa = XCBuildConfiguration;
			buildSettings = {
				ALWAYS_SEARCH_USER_PATHS = NO;
				CLANG_ANALYZER_NONNULL = YES;
				CLANG_ANALYZER_NUMBER_OBJECT_CONVERSION = YES_AGGRESSIVE;
				CLANG_CXX_LANGUAGE_STANDARD = "gnu++14";
				CLANG_CXX_LIBRARY = "libc++";
				CLANG_ENABLE_MODULES = YES;
				CLANG_ENABLE_OBJC_ARC = YES;
				CLANG_WARN_BLOCK_CAPTURE_AUTORELEASING = YES;
				CLANG_WARN_BOOL_CONVERSION = YES;
				CLANG_WARN_COMMA = YES;
				CLANG_WARN_CONSTANT_CONVERSION = YES;
				CLANG_WARN_DEPRECATED_OBJC_IMPLEMENTATIONS = YES;
				CLANG_WARN_DIRECT_OBJC_ISA_USAGE = YES_ERROR;
				CLANG_WARN_DOCUMENTATION_COMMENTS = YES;
				CLANG_WARN_EMPTY_BODY = YES;
				CLANG_WARN_ENUM_CONVERSION = YES;
				CLANG_WARN_INFINITE_RECURSION = YES;
				CLANG_WARN_INT_CONVERSION = YES;
				CLANG_WARN_NON_LITERAL_NULL_CONVERSION = YES;
				CLANG_WARN_OBJC_IMPLICIT_RETAIN_SELF = YES;
				CLANG_WARN_OBJC_LITERAL_CONVERSION = YES;
				CLANG_WARN_OBJC_ROOT_CLASS = YES_ERROR;
				CLANG_WARN_QUOTED_INCLUDE_IN_FRAMEWORK_HEADER = YES;
				CLANG_WARN_RANGE_LOOP_ANALYSIS = YES;
				CLANG_WARN_STRICT_PROTOTYPES = YES;
				CLANG_WARN_SUSPICIOUS_MOVE = YES;
				CLANG_WARN_UNGUARDED_AVAILABILITY = YES_AGGRESSIVE;
				CLANG_WARN_UNREACHABLE_CODE = YES;
				CLANG_WARN__DUPLICATE_METHOD_MATCH = YES;
				CODE_SIGN_IDENTITY = "iPhone Developer";
				COPY_PHASE_STRIP = NO;
				DEBUG_INFORMATION_FORMAT = dwarf;
				ENABLE_STRICT_OBJC_MSGSEND = YES;
				ENABLE_TESTABILITY = YES;
				GCC_C_LANGUAGE_STANDARD = gnu11;
				GCC_DYNAMIC_NO_PIC = NO;
				GCC_NO_COMMON_BLOCKS = YES;
				GCC_OPTIMIZATION_LEVEL = 0;
				GCC_PREPROCESSOR_DEFINITIONS = (
					"DEBUG=1",
					"$(inherited)",
				);
				GCC_WARN_64_TO_32_BIT_CONVERSION = YES;
				GCC_WARN_ABOUT_RETURN_TYPE = YES_ERROR;
				GCC_WARN_UNDECLARED_SELECTOR = YES;
				GCC_WARN_UNINITIALIZED_AUTOS = YES_AGGRESSIVE;
				GCC_WARN_UNUSED_FUNCTION = YES;
				GCC_WARN_UNUSED_VARIABLE = YES;
				IPHONEOS_DEPLOYMENT_TARGET = 14.0;
				MTL_ENABLE_DEBUG_INFO = YES;
				ONLY_ACTIVE_ARCH = YES;
				SDKROOT = iphoneos;
				SWIFT_ACTIVE_COMPILATION_CONDITIONS = DEBUG;
				SWIFT_OPTIMIZATION_LEVEL = "-Onone";
			};
			name = Debug;
		};
		1106CA6F1F01A0FA00434E58 /* Release */ = {
			isa = XCBuildConfiguration;
			buildSettings = {
				ALWAYS_SEARCH_USER_PATHS = NO;
				CLANG_ANALYZER_NONNULL = YES;
				CLANG_ANALYZER_NUMBER_OBJECT_CONVERSION = YES_AGGRESSIVE;
				CLANG_CXX_LANGUAGE_STANDARD = "gnu++14";
				CLANG_CXX_LIBRARY = "libc++";
				CLANG_ENABLE_MODULES = YES;
				CLANG_ENABLE_OBJC_ARC = YES;
				CLANG_WARN_BLOCK_CAPTURE_AUTORELEASING = YES;
				CLANG_WARN_BOOL_CONVERSION = YES;
				CLANG_WARN_COMMA = YES;
				CLANG_WARN_CONSTANT_CONVERSION = YES;
				CLANG_WARN_DEPRECATED_OBJC_IMPLEMENTATIONS = YES;
				CLANG_WARN_DIRECT_OBJC_ISA_USAGE = YES_ERROR;
				CLANG_WARN_DOCUMENTATION_COMMENTS = YES;
				CLANG_WARN_EMPTY_BODY = YES;
				CLANG_WARN_ENUM_CONVERSION = YES;
				CLANG_WARN_INFINITE_RECURSION = YES;
				CLANG_WARN_INT_CONVERSION = YES;
				CLANG_WARN_NON_LITERAL_NULL_CONVERSION = YES;
				CLANG_WARN_OBJC_IMPLICIT_RETAIN_SELF = YES;
				CLANG_WARN_OBJC_LITERAL_CONVERSION = YES;
				CLANG_WARN_OBJC_ROOT_CLASS = YES_ERROR;
				CLANG_WARN_QUOTED_INCLUDE_IN_FRAMEWORK_HEADER = YES;
				CLANG_WARN_RANGE_LOOP_ANALYSIS = YES;
				CLANG_WARN_STRICT_PROTOTYPES = YES;
				CLANG_WARN_SUSPICIOUS_MOVE = YES;
				CLANG_WARN_UNGUARDED_AVAILABILITY = YES_AGGRESSIVE;
				CLANG_WARN_UNREACHABLE_CODE = YES;
				CLANG_WARN__DUPLICATE_METHOD_MATCH = YES;
				CODE_SIGN_IDENTITY = "iPhone Developer";
				COPY_PHASE_STRIP = NO;
				DEBUG_INFORMATION_FORMAT = "dwarf-with-dsym";
				ENABLE_NS_ASSERTIONS = NO;
				ENABLE_STRICT_OBJC_MSGSEND = YES;
				GCC_C_LANGUAGE_STANDARD = gnu11;
				GCC_NO_COMMON_BLOCKS = YES;
				GCC_WARN_64_TO_32_BIT_CONVERSION = YES;
				GCC_WARN_ABOUT_RETURN_TYPE = YES_ERROR;
				GCC_WARN_UNDECLARED_SELECTOR = YES;
				GCC_WARN_UNINITIALIZED_AUTOS = YES_AGGRESSIVE;
				GCC_WARN_UNUSED_FUNCTION = YES;
				GCC_WARN_UNUSED_VARIABLE = YES;
				IPHONEOS_DEPLOYMENT_TARGET = 14.0;
				MTL_ENABLE_DEBUG_INFO = NO;
				SDKROOT = iphoneos;
				SWIFT_OPTIMIZATION_LEVEL = "-Owholemodule";
				VALIDATE_PRODUCT = YES;
			};
			name = Release;
		};
		1106CA711F01A0FA00434E58 /* Debug */ = {
			isa = XCBuildConfiguration;
			buildSettings = {
				ASSETCATALOG_COMPILER_APPICON_NAME = AppIcon;
				CLANG_ENABLE_MODULES = YES;
				CODE_SIGN_ENTITLEMENTS = Blurry/Blurry.entitlements;
				CURRENT_PROJECT_VERSION = 17;
				DEVELOPMENT_TEAM = TSCXJ4KWQ4;
				INFOPLIST_FILE = "$(SRCROOT)/Blurry/Supporting Files/Info.plist";
				IPHONEOS_DEPLOYMENT_TARGET = 14.0;
				"IPHONEOS_DEPLOYMENT_TARGET[sdk=macosx*]" = 14.2;
				LD_RUNPATH_SEARCH_PATHS = "$(inherited) @executable_path/Frameworks";
				MARKETING_VERSION = 1.6.0;
				PRODUCT_BUNDLE_IDENTIFIER = com.andyliang.Blurry;
				PRODUCT_NAME = "$(TARGET_NAME)";
				SUPPORTS_MACCATALYST = YES;
				SWIFT_OBJC_BRIDGING_HEADER = "Blurry/UIImageEffects/Blurry-Bridging-Header.h";
				SWIFT_OPTIMIZATION_LEVEL = "-Onone";
				SWIFT_VERSION = 5.0;
				TARGETED_DEVICE_FAMILY = "1,2,6";
			};
			name = Debug;
		};
		1106CA721F01A0FA00434E58 /* Release */ = {
			isa = XCBuildConfiguration;
			buildSettings = {
				ASSETCATALOG_COMPILER_APPICON_NAME = AppIcon;
				CLANG_ENABLE_MODULES = YES;
				CODE_SIGN_ENTITLEMENTS = Blurry/Blurry.entitlements;
				CURRENT_PROJECT_VERSION = 17;
				DEVELOPMENT_TEAM = TSCXJ4KWQ4;
				INFOPLIST_FILE = "$(SRCROOT)/Blurry/Supporting Files/Info.plist";
				IPHONEOS_DEPLOYMENT_TARGET = 14.0;
				"IPHONEOS_DEPLOYMENT_TARGET[sdk=macosx*]" = 14.2;
				LD_RUNPATH_SEARCH_PATHS = "$(inherited) @executable_path/Frameworks";
				MARKETING_VERSION = 1.6.0;
				PRODUCT_BUNDLE_IDENTIFIER = com.andyliang.Blurry;
				PRODUCT_NAME = "$(TARGET_NAME)";
				SUPPORTS_MACCATALYST = YES;
				SWIFT_OBJC_BRIDGING_HEADER = "Blurry/UIImageEffects/Blurry-Bridging-Header.h";
				SWIFT_VERSION = 5.0;
				TARGETED_DEVICE_FAMILY = "1,2,6";
			};
			name = Release;
		};
		11B531792559B1CE00B79764 /* Debug */ = {
			isa = XCBuildConfiguration;
			buildSettings = {
				ASSETCATALOG_COMPILER_APPICON_NAME = AppIcon;
				CLANG_ENABLE_MODULES = YES;
				CODE_SIGN_ENTITLEMENTS = Blurry/Blurry.entitlements;
				CURRENT_PROJECT_VERSION = 16;
				DERIVE_MACCATALYST_PRODUCT_BUNDLE_IDENTIFIER = YES;
				DEVELOPMENT_TEAM = TSCXJ4KWQ4;
				INFOPLIST_FILE = "$(SRCROOT)/Blurry/Supporting Files/BlurryOld-Info.plist";
				IPHONEOS_DEPLOYMENT_TARGET = 12.0;
				LD_RUNPATH_SEARCH_PATHS = "$(inherited) @executable_path/Frameworks";
				MARKETING_VERSION = 1.5.4;
				PRODUCT_BUNDLE_IDENTIFIER = com.andyliang.Blurry;
				PRODUCT_NAME = "$(TARGET_NAME)";
				SUPPORTS_MACCATALYST = YES;
				SWIFT_OBJC_BRIDGING_HEADER = "Blurry/UIImageEffects/Blurry-Bridging-Header.h";
				SWIFT_OPTIMIZATION_LEVEL = "-Onone";
				SWIFT_VERSION = 5.0;
				TARGETED_DEVICE_FAMILY = 2;
			};
			name = Debug;
		};
		11B5317A2559B1CE00B79764 /* Release */ = {
			isa = XCBuildConfiguration;
			buildSettings = {
				ASSETCATALOG_COMPILER_APPICON_NAME = AppIcon;
				CLANG_ENABLE_MODULES = YES;
				CODE_SIGN_ENTITLEMENTS = Blurry/Blurry.entitlements;
				CURRENT_PROJECT_VERSION = 16;
				DERIVE_MACCATALYST_PRODUCT_BUNDLE_IDENTIFIER = YES;
				DEVELOPMENT_TEAM = TSCXJ4KWQ4;
				INFOPLIST_FILE = "$(SRCROOT)/Blurry/Supporting Files/BlurryOld-Info.plist";
				IPHONEOS_DEPLOYMENT_TARGET = 12.0;
				LD_RUNPATH_SEARCH_PATHS = "$(inherited) @executable_path/Frameworks";
				MARKETING_VERSION = 1.5.4;
				PRODUCT_BUNDLE_IDENTIFIER = com.andyliang.Blurry;
				PRODUCT_NAME = "$(TARGET_NAME)";
				SUPPORTS_MACCATALYST = YES;
				SWIFT_OBJC_BRIDGING_HEADER = "Blurry/UIImageEffects/Blurry-Bridging-Header.h";
				SWIFT_VERSION = 5.0;
				TARGETED_DEVICE_FAMILY = 2;
			};
			name = Release;
		};
/* End XCBuildConfiguration section */

/* Begin XCConfigurationList section */
		1106CA431F01A0FA00434E58 /* Build configuration list for PBXProject "Blurry" */ = {
			isa = XCConfigurationList;
			buildConfigurations = (
				1106CA6E1F01A0FA00434E58 /* Debug */,
				1106CA6F1F01A0FA00434E58 /* Release */,
			);
			defaultConfigurationIsVisible = 0;
			defaultConfigurationName = Release;
		};
		1106CA701F01A0FA00434E58 /* Build configuration list for PBXNativeTarget "Blurry" */ = {
			isa = XCConfigurationList;
			buildConfigurations = (
				1106CA711F01A0FA00434E58 /* Debug */,
				1106CA721F01A0FA00434E58 /* Release */,
			);
			defaultConfigurationIsVisible = 0;
			defaultConfigurationName = Release;
		};
		11B531782559B1CE00B79764 /* Build configuration list for PBXNativeTarget "Blurry-old" */ = {
			isa = XCConfigurationList;
			buildConfigurations = (
				11B531792559B1CE00B79764 /* Debug */,
				11B5317A2559B1CE00B79764 /* Release */,
			);
			defaultConfigurationIsVisible = 0;
			defaultConfigurationName = Release;
		};
/* End XCConfigurationList section */
	};
	rootObject = 1106CA401F01A0FA00434E58 /* Project object */;
}
